
Microsoft Visual Studio Solution File, Format Version 12.00
# Visual Studio Version 17
VisualStudioVersion = 17.0.31912.275
MinimumVisualStudioVersion = 10.0.40219.1
Project("{2150E333-8FDC-42A3-9474-1A3956D46DE8}") = "1-Applications", "1-Applications", "{D3041C08-2FCE-4F60-82BA-3221FEC0F12C}"
EndProject
Project("{2150E333-8FDC-42A3-9474-1A3956D46DE8}") = "2-Services", "2-Services", "{8BE1E78D-F21D-4080-8F03-F3FB3C82DC1B}"
EndProject
Project("{2150E333-8FDC-42A3-9474-1A3956D46DE8}") = "3-Domain", "3-Domain", "{098E2ADA-11A7-4441-9E04-4CD0D0A4DBBE}"
EndProject
Project("{2150E333-8FDC-42A3-9474-1A3956D46DE8}") = "4-Infra", "4-Infra", "{D1254999-DD54-4C85-AF35-C92E0EFC77A4}"
EndProject
Project("{9A19103F-16F7-4668-BE54-9A1E7A4F7556}") = "Service", "Service\Service.csproj", "{8A444B46-5A98-4311-8FBE-77EC16450681}"
	ProjectSection(ProjectDependencies) = postProject
		{A1C2F294-46D7-4278-9EE7-29D81CA5E9A1} = {A1C2F294-46D7-4278-9EE7-29D81CA5E9A1}
	EndProjectSection
EndProject
Project("{9A19103F-16F7-4668-BE54-9A1E7A4F7556}") = "Domain", "Domain\Domain.csproj", "{78368A8B-140F-43AD-9D22-E060DB0CD069}"
EndProject
Project("{2150E333-8FDC-42A3-9474-1A3956D46DE8}") = "4.1-Data", "4.1-Data", "{E53D7066-22B8-44AF-B496-79D59C0C5E53}"
EndProject
Project("{2150E333-8FDC-42A3-9474-1A3956D46DE8}") = "4.2-CrossCutting", "4.2-CrossCutting", "{23508399-4B84-4FD4-82FA-55436171CD18}"
EndProject
Project("{9A19103F-16F7-4668-BE54-9A1E7A4F7556}") = "Infra.Data", "Infra.Data\Infra.Data.csproj", "{A1C2F294-46D7-4278-9EE7-29D81CA5E9A1}"
EndProject
Project("{9A19103F-16F7-4668-BE54-9A1E7A4F7556}") = "Infra.CrossCutting", "Infra.CrossCutting\Infra.CrossCutting.csproj", "{59D4AC09-0889-43CE-98A5-B7E861014A2F}"
EndProject
Project("{9A19103F-16F7-4668-BE54-9A1E7A4F7556}") = "APISistemaHomicidio", "APISistemaHomicidio\APISistemaHomicidio.csproj", "{FE21A70E-26FC-4C00-87BA-73DB62E56949}"
EndProject
Project("{2150E333-8FDC-42A3-9474-1A3956D46DE8}") = "0-Presentation", "0-Presentation", "{88EDDFCC-49C8-4875-9EA4-22AC477C299D}"
EndProject
Project("{9A19103F-16F7-4668-BE54-9A1E7A4F7556}") = "WebSistemaHomicidio", "WebSistemaHomicidio\WebSistemaHomicidio.csproj", "{04D130C0-7DEE-4AC7-8079-AFE89A5F3FF6}"
EndProject
Global
	GlobalSection(SolutionConfigurationPlatforms) = preSolution
		Debug|Any CPU = Debug|Any CPU
		Release|Any CPU = Release|Any CPU
	EndGlobalSection
	GlobalSection(ProjectConfigurationPlatforms) = postSolution
		{8A444B46-5A98-4311-8FBE-77EC16450681}.Debug|Any CPU.ActiveCfg = Debug|Any CPU
		{8A444B46-5A98-4311-8FBE-77EC16450681}.Debug|Any CPU.Build.0 = Debug|Any CPU
		{8A444B46-5A98-4311-8FBE-77EC16450681}.Release|Any CPU.ActiveCfg = Release|Any CPU
		{8A444B46-5A98-4311-8FBE-77EC16450681}.Release|Any CPU.Build.0 = Release|Any CPU
		{78368A8B-140F-43AD-9D22-E060DB0CD069}.Debug|Any CPU.ActiveCfg = Debug|Any CPU
		{78368A8B-140F-43AD-9D22-E060DB0CD069}.Debug|Any CPU.Build.0 = Debug|Any CPU
		{78368A8B-140F-43AD-9D22-E060DB0CD069}.Release|Any CPU.ActiveCfg = Release|Any CPU
		{78368A8B-140F-43AD-9D22-E060DB0CD069}.Release|Any CPU.Build.0 = Release|Any CPU
		{A1C2F294-46D7-4278-9EE7-29D81CA5E9A1}.Debug|Any CPU.ActiveCfg = Debug|Any CPU
		{A1C2F294-46D7-4278-9EE7-29D81CA5E9A1}.Debug|Any CPU.Build.0 = Debug|Any CPU
		{A1C2F294-46D7-4278-9EE7-29D81CA5E9A1}.Release|Any CPU.ActiveCfg = Release|Any CPU
		{A1C2F294-46D7-4278-9EE7-29D81CA5E9A1}.Release|Any CPU.Build.0 = Release|Any CPU
		{59D4AC09-0889-43CE-98A5-B7E861014A2F}.Debug|Any CPU.ActiveCfg = Debug|Any CPU
		{59D4AC09-0889-43CE-98A5-B7E861014A2F}.Debug|Any CPU.Build.0 = Debug|Any CPU
		{59D4AC09-0889-43CE-98A5-B7E861014A2F}.Release|Any CPU.ActiveCfg = Release|Any CPU
		{59D4AC09-0889-43CE-98A5-B7E861014A2F}.Release|Any CPU.Build.0 = Release|Any CPU
		{FE21A70E-26FC-4C00-87BA-73DB62E56949}.Debug|Any CPU.ActiveCfg = Debug|Any CPU
		{FE21A70E-26FC-4C00-87BA-73DB62E56949}.Debug|Any CPU.Build.0 = Debug|Any CPU
		{FE21A70E-26FC-4C00-87BA-73DB62E56949}.Release|Any CPU.ActiveCfg = Release|Any CPU
		{FE21A70E-26FC-4C00-87BA-73DB62E56949}.Release|Any CPU.Build.0 = Release|Any CPU
		{04D130C0-7DEE-4AC7-8079-AFE89A5F3FF6}.Debug|Any CPU.ActiveCfg = Debug|Any CPU
		{04D130C0-7DEE-4AC7-8079-AFE89A5F3FF6}.Debug|Any CPU.Build.0 = Debug|Any CPU
		{04D130C0-7DEE-4AC7-8079-AFE89A5F3FF6}.Release|Any CPU.ActiveCfg = Release|Any CPU
		{04D130C0-7DEE-4AC7-8079-AFE89A5F3FF6}.Release|Any CPU.Build.0 = Release|Any CPU
	EndGlobalSection
	GlobalSection(SolutionProperties) = preSolution
		HideSolutionNode = FALSE
	EndGlobalSection
	GlobalSection(NestedProjects) = preSolution
		{8A444B46-5A98-4311-8FBE-77EC16450681} = {8BE1E78D-F21D-4080-8F03-F3FB3C82DC1B}
		{78368A8B-140F-43AD-9D22-E060DB0CD069} = {098E2ADA-11A7-4441-9E04-4CD0D0A4DBBE}
		{E53D7066-22B8-44AF-B496-79D59C0C5E53} = {D1254999-DD54-4C85-AF35-C92E0EFC77A4}
		{23508399-4B84-4FD4-82FA-55436171CD18} = {D1254999-DD54-4C85-AF35-C92E0EFC77A4}
		{A1C2F294-46D7-4278-9EE7-29D81CA5E9A1} = {E53D7066-22B8-44AF-B496-79D59C0C5E53}
		{59D4AC09-0889-43CE-98A5-B7E861014A2F} = {23508399-4B84-4FD4-82FA-55436171CD18}
		{FE21A70E-26FC-4C00-87BA-73DB62E56949} = {D3041C08-2FCE-4F60-82BA-3221FEC0F12C}
		{04D130C0-7DEE-4AC7-8079-AFE89A5F3FF6} = {88EDDFCC-49C8-4875-9EA4-22AC477C299D}
	EndGlobalSection
	GlobalSection(ExtensibilityGlobals) = postSolution
		SolutionGuid = {ABCAF61D-D521-4E9C-A063-7243D50AEAA1}
	EndGlobalSection
EndGlobal
